# This file is automatically @generated by Cargo.
# It is not intended for manual editing.
version = 4

[[package]]
name = "capnp"
version = "0.25.4"
source = "registry+https://github.com/rust-lang/crates.io-index"
checksum = "63da65e5e9ffc3b8f993d4ad222a548152549351a643f6b850a7773cb6ff2809"
dependencies = [
 "embedded-io",
]

[[package]]
name = "capnp-json"
version = "0.25.0"
dependencies = [
 "capnp",
 "capnpc",
]

[[package]]
name = "capnpc"
version = "0.25.3"
source = "registry+https://github.com/rust-lang/crates.io-index"
checksum = "fca02be865c8c5a78bfc24b9819006ab6b59bef238467203928e26459557af93"
dependencies = [
 "capnp",
]

[[package]]
name = "embedded-io"
version = "0.7.1"
source = "registry+https://github.com/rust-lang/crates.io-index"
checksum = "9eb1aa714776b75c7e67e1da744b81a129b3ff919c8712b5e1b32252c1f07cc7"
