# This file is automatically @generated by Cargo.
# It is not intended for manual editing.
version = 4

[[package]]
name = "capnp"
version = "0.26.2"
source = "registry+https://github.com/rust-lang/crates.io-index"
checksum = "58ddce707ad9fb2ae92770523cd0e17a0cf34e79b66a9ca4db2dd993535fe718"
dependencies = [
 "embedded-io",
]

[[package]]
name = "capnp-json"
version = "0.2.0"
dependencies = [
 "capnp",
 "capnpc",
]

[[package]]
name = "capnp-json-test"
version = "0.2.0"
dependencies = [
 "capnp",
 "capnp-json",
 "capnpc",
]

[[package]]
name = "capnpc"
version = "0.26.0"
source = "registry+https://github.com/rust-lang/crates.io-index"
checksum = "13aea06b902f885cb0313b11e900e96cd57fef775e9e601a96e14e1d655f3cd3"
dependencies = [
 "capnp",
]

[[package]]
name = "embedded-io"
version = "0.7.1"
source = "registry+https://github.com/rust-lang/crates.io-index"
checksum = "9eb1aa714776b75c7e67e1da744b81a129b3ff919c8712b5e1b32252c1f07cc7"
