# This file is automatically @generated by Cargo.
# It is not intended for manual editing.
version = 3

[[package]]
name = "capnp"
version = "0.27.0-alpha"
source = "git+https://github.com/capnproto/capnproto-rust?branch=master#baeb528d01ace9a2001623d3f384c9dc3d9af000"
dependencies = [
 "embedded-io",
]

[[package]]
name = "capnp-json"
version = "0.2.0"
dependencies = [
 "capnp",
 "capnpc",
]

[[package]]
name = "capnp-json-test"
version = "0.2.0"
dependencies = [
 "capnp",
 "capnp-json",
 "capnpc",
]

[[package]]
name = "capnpc"
version = "0.27.0-alpha"
source = "git+https://github.com/capnproto/capnproto-rust?branch=master#baeb528d01ace9a2001623d3f384c9dc3d9af000"
dependencies = [
 "capnp",
]

[[package]]
name = "embedded-io"
version = "0.7.1"
source = "registry+https://github.com/rust-lang/crates.io-index"
checksum = "9eb1aa714776b75c7e67e1da744b81a129b3ff919c8712b5e1b32252c1f07cc7"
